
Microsoft Visual Studio Solution File, Format Version 12.00
# Visual Studio Version 16
VisualStudioVersion = 16.0.30503.244
MinimumVisualStudioVersion = 10.0.40219.1
Project("{8BC9CEB8-8B4A-11D0-8D11-00A0C91BC942}") = "homework1", "homework1\homework1.vcxproj", "{00892C29-B2F1-4D9E-8A11-72EC4300C131}"
EndProject
Project("{8BC9CEB8-8B4A-11D0-8D11-00A0C91BC942}") = "homework2", "homework2\homework2.vcxproj", "{4BEB05F1-80AC-4492-B529-9DBE8A331794}"
EndProject
Global
	GlobalSection(SolutionConfigurationPlatforms) = preSolution
		Debug|x64 = Debug|x64
		Debug|x86 = Debug|x86
		Release|x64 = Release|x64
		Release|x86 = Release|x86
	EndGlobalSection
	GlobalSection(ProjectConfigurationPlatforms) = postSolution
		{00892C29-B2F1-4D9E-8A11-72EC4300C131}.Debug|x64.ActiveCfg = Debug|x64
		{00892C29-B2F1-4D9E-8A11-72EC4300C131}.Debug|x64.Build.0 = Debug|x64
		{00892C29-B2F1-4D9E-8A11-72EC4300C131}.Debug|x86.ActiveCfg = Debug|Win32
		{00892C29-B2F1-4D9E-8A11-72EC4300C131}.Debug|x86.Build.0 = Debug|Win32
		{00892C29-B2F1-4D9E-8A11-72EC4300C131}.Release|x64.ActiveCfg = Release|x64
		{00892C29-B2F1-4D9E-8A11-72EC4300C131}.Release|x64.Build.0 = Release|x64
		{00892C29-B2F1-4D9E-8A11-72EC4300C131}.Release|x86.ActiveCfg = Release|Win32
		{00892C29-B2F1-4D9E-8A11-72EC4300C131}.Release|x86.Build.0 = Release|Win32
		{4BEB05F1-80AC-4492-B529-9DBE8A331794}.Debug|x64.ActiveCfg = Debug|x64
		{4BEB05F1-80AC-4492-B529-9DBE8A331794}.Debug|x64.Build.0 = Debug|x64
		{4BEB05F1-80AC-4492-B529-9DBE8A331794}.Debug|x86.ActiveCfg = Debug|Win32
		{4BEB05F1-80AC-4492-B529-9DBE8A331794}.Debug|x86.Build.0 = Debug|Win32
		{4BEB05F1-80AC-4492-B529-9DBE8A331794}.Release|x64.ActiveCfg = Release|x64
		{4BEB05F1-80AC-4492-B529-9DBE8A331794}.Release|x64.Build.0 = Release|x64
		{4BEB05F1-80AC-4492-B529-9DBE8A331794}.Release|x86.ActiveCfg = Release|Win32
		{4BEB05F1-80AC-4492-B529-9DBE8A331794}.Release|x86.Build.0 = Release|Win32
	EndGlobalSection
	GlobalSection(SolutionProperties) = preSolution
		HideSolutionNode = FALSE
	EndGlobalSection
	GlobalSection(ExtensibilityGlobals) = postSolution
		SolutionGuid = {A14B943E-1288-4F7E-A580-139A31DB2316}
	EndGlobalSection
EndGlobal
